
Microsoft Visual Studio Solution File, Format Version 12.00
# Visual Studio Version 16
VisualStudioVersion = 16.0.30011.22
MinimumVisualStudioVersion = 10.0.40219.1
Project("{888888A0-9F3D-457C-B088-3A5042F75D52}") = "git_test", "git_test\git_test.pyproj", "{AFFEAEC6-C879-46EC-83DC-402829EE914F}"
EndProject
Global
	GlobalSection(SolutionConfigurationPlatforms) = preSolution
		Debug|Any CPU = Debug|Any CPU
		Release|Any CPU = Release|Any CPU
	EndGlobalSection
	GlobalSection(ProjectConfigurationPlatforms) = postSolution
		{AFFEAEC6-C879-46EC-83DC-402829EE914F}.Debug|Any CPU.ActiveCfg = Debug|Any CPU
		{AFFEAEC6-C879-46EC-83DC-402829EE914F}.Release|Any CPU.ActiveCfg = Release|Any CPU
	EndGlobalSection
	GlobalSection(SolutionProperties) = preSolution
		HideSolutionNode = FALSE
	EndGlobalSection
	GlobalSection(ExtensibilityGlobals) = postSolution
		SolutionGuid = {DC4C7A32-DEF0-4CAD-B112-F771E0F3CCD2}
	EndGlobalSection
EndGlobal
